// !$*UTF8*$!
{
	archiveVersion = 1;
	classes = {
	};
	objectVersion = 46;
	objects = {

/* Begin PBXBuildFile section */
		1B363D0A1A8C077A001306D0 /* beacon_selected.png in Resources */ = {isa = PBXBuildFile; fileRef = 1B363D091A8C077A001306D0 /* beacon_selected.png */; };
		1B89D1BC1A8952D60082F9CF /* main.m in Sources */ = {isa = PBXBuildFile; fileRef = 1B89D1BB1A8952D60082F9CF /* main.m */; };
		1B89D1BF1A8952D60082F9CF /* AppDelegate.m in Sources */ = {isa = PBXBuildFile; fileRef = 1B89D1BE1A8952D60082F9CF /* AppDelegate.m */; };
		1B89D1C21A8952D60082F9CF /* FirstViewController.m in Sources */ = {isa = PBXBuildFile; fileRef = 1B89D1C11A8952D60082F9CF /* FirstViewController.m */; };
		1B89D1C51A8952D60082F9CF /* SecondViewController.m in Sources */ = {isa = PBXBuildFile; fileRef = 1B89D1C41A8952D60082F9CF /* SecondViewController.m */; };
		1B89D1C81A8952D60082F9CF /* Main.storyboard in Resources */ = {isa = PBXBuildFile; fileRef = 1B89D1C61A8952D60082F9CF /* Main.storyboard */; };
		1B89D1CA1A8952D60082F9CF /* Images.xcassets in Resources */ = {isa = PBXBuildFile; fileRef = 1B89D1C91A8952D60082F9CF /* Images.xcassets */; };
		1B89D1CD1A8952D60082F9CF /* LaunchScreen.xib in Resources */ = {isa = PBXBuildFile; fileRef = 1B89D1CB1A8952D60082F9CF /* LaunchScreen.xib */; };
		1B89D1D91A8952D60082F9CF /* micro_locationTests.m in Sources */ = {isa = PBXBuildFile; fileRef = 1B89D1D81A8952D60082F9CF /* micro_locationTests.m */; };
		1B89D1E41A89595F0082F9CF /* CoreLocation.framework in Frameworks */ = {isa = PBXBuildFile; fileRef = 1B89D1E31A89595F0082F9CF /* CoreLocation.framework */; };
		1B89D1E61A89596B0082F9CF /* UIKit.framework in Frameworks */ = {isa = PBXBuildFile; fileRef = 1B89D1E51A89596B0082F9CF /* UIKit.framework */; };
		1B89D1E81A8959740082F9CF /* CoreGraphics.framework in Frameworks */ = {isa = PBXBuildFile; fileRef = 1B89D1E71A8959740082F9CF /* CoreGraphics.framework */; };
		1B89D1EA1A89597D0082F9CF /* Foundation.framework in Frameworks */ = {isa = PBXBuildFile; fileRef = 1B89D1E91A89597D0082F9CF /* Foundation.framework */; };
		1B89D1EC1A8959890082F9CF /* CoreBluetooth.framework in Frameworks */ = {isa = PBXBuildFile; fileRef = 1B89D1EB1A8959890082F9CF /* CoreBluetooth.framework */; };
		1B89D1EF1A8959E80082F9CF /* Singleton.m in Sources */ = {isa = PBXBuildFile; fileRef = 1B89D1EE1A8959E80082F9CF /* Singleton.m */; };
		1B89D1F21A895AED0082F9CF /* ProximityViewController.m in Sources */ = {isa = PBXBuildFile; fileRef = 1B89D1F11A895AED0082F9CF /* ProximityViewController.m */; };
		1B89D1F61A895CDC0082F9CF /* beacon.png in Resources */ = {isa = PBXBuildFile; fileRef = 1B89D1F41A895CDC0082F9CF /* beacon.png */; };
		1B89D1F71A895CDC0082F9CF /* bg_proximity.png in Resources */ = {isa = PBXBuildFile; fileRef = 1B89D1F51A895CDC0082F9CF /* bg_proximity.png */; };
		1B89D1F91A895FFF0082F9CF /* purdue_logo.png in Resources */ = {isa = PBXBuildFile; fileRef = 1B89D1F81A895FFF0082F9CF /* purdue_logo.png */; };
		1BE600B11A979DE200FF22C3 /* AFHTTPRequestOperation.m in Sources */ = {isa = PBXBuildFile; fileRef = 1BE6009F1A979DE200FF22C3 /* AFHTTPRequestOperation.m */; };
		1BE600B21A979DE200FF22C3 /* AFHTTPRequestOperationManager.m in Sources */ = {isa = PBXBuildFile; fileRef = 1BE600A11A979DE200FF22C3 /* AFHTTPRequestOperationManager.m */; };
		1BE600B31A979DE200FF22C3 /* AFHTTPSessionManager.m in Sources */ = {isa = PBXBuildFile; fileRef = 1BE600A31A979DE200FF22C3 /* AFHTTPSessionManager.m */; };
		1BE600B41A979DE200FF22C3 /* AFNetworkReachabilityManager.m in Sources */ = {isa = PBXBuildFile; fileRef = 1BE600A61A979DE200FF22C3 /* AFNetworkReachabilityManager.m */; };
		1BE600B51A979DE200FF22C3 /* AFSecurityPolicy.m in Sources */ = {isa = PBXBuildFile; fileRef = 1BE600A81A979DE200FF22C3 /* AFSecurityPolicy.m */; };
		1BE600B61A979DE200FF22C3 /* AFURLConnectionOperation.m in Sources */ = {isa = PBXBuildFile; fileRef = 1BE600AA1A979DE200FF22C3 /* AFURLConnectionOperation.m */; };
		1BE600B71A979DE200FF22C3 /* AFURLRequestSerialization.m in Sources */ = {isa = PBXBuildFile; fileRef = 1BE600AC1A979DE200FF22C3 /* AFURLRequestSerialization.m */; };
		1BE600B81A979DE200FF22C3 /* AFURLResponseSerialization.m in Sources */ = {isa = PBXBuildFile; fileRef = 1BE600AE1A979DE200FF22C3 /* AFURLResponseSerialization.m */; };
		1BE600B91A979DE200FF22C3 /* AFURLSessionManager.m in Sources */ = {isa = PBXBuildFile; fileRef = 1BE600B01A979DE200FF22C3 /* AFURLSessionManager.m */; };
		1BE600CC1A979DEB00FF22C3 /* AFNetworkActivityIndicatorManager.m in Sources */ = {isa = PBXBuildFile; fileRef = 1BE600BC1A979DEB00FF22C3 /* AFNetworkActivityIndicatorManager.m */; };
		1BE600CD1A979DEB00FF22C3 /* UIActivityIndicatorView+AFNetworking.m in Sources */ = {isa = PBXBuildFile; fileRef = 1BE600BE1A979DEB00FF22C3 /* UIActivityIndicatorView+AFNetworking.m */; };
		1BE600CE1A979DEB00FF22C3 /* UIAlertView+AFNetworking.m in Sources */ = {isa = PBXBuildFile; fileRef = 1BE600C01A979DEB00FF22C3 /* UIAlertView+AFNetworking.m */; };
		1BE600CF1A979DEB00FF22C3 /* UIButton+AFNetworking.m in Sources */ = {isa = PBXBuildFile; fileRef = 1BE600C21A979DEB00FF22C3 /* UIButton+AFNetworking.m */; };
		1BE600D01A979DEB00FF22C3 /* UIImageView+AFNetworking.m in Sources */ = {isa = PBXBuildFile; fileRef = 1BE600C41A979DEB00FF22C3 /* UIImageView+AFNetworking.m */; };
		1BE600D11A979DEB00FF22C3 /* UIProgressView+AFNetworking.m in Sources */ = {isa = PBXBuildFile; fileRef = 1BE600C71A979DEB00FF22C3 /* UIProgressView+AFNetworking.m */; };
		1BE600D21A979DEB00FF22C3 /* UIRefreshControl+AFNetworking.m in Sources */ = {isa = PBXBuildFile; fileRef = 1BE600C91A979DEB00FF22C3 /* UIRefreshControl+AFNetworking.m */; };
		1BE600D31A979DEB00FF22C3 /* UIWebView+AFNetworking.m in Sources */ = {isa = PBXBuildFile; fileRef = 1BE600CB1A979DEB00FF22C3 /* UIWebView+AFNetworking.m */; };
		C57EAF4B1A95295600F58E2D /* GenericBeaconManager.m in Sources */ = {isa = PBXBuildFile; fileRef = C57EAF4A1A95295500F58E2D /* GenericBeaconManager.m */; };
		C57EAF4E1A9529A500F58E2D /* CDSiBeaconPFViewController.m in Sources */ = {isa = PBXBuildFile; fileRef = C57EAF4D1A9529A500F58E2D /* CDSiBeaconPFViewController.m */; };
		C57EAF511A9529F800F58E2D /* CDSBeaconLandmark.m in Sources */ = {isa = PBXBuildFile; fileRef = C57EAF501A9529F800F58E2D /* CDSBeaconLandmark.m */; };
		C57EAF541A952A3B00F58E2D /* CDSArenaView.m in Sources */ = {isa = PBXBuildFile; fileRef = C57EAF531A952A3B00F58E2D /* CDSArenaView.m */; };
		C57EAF571A952A7D00F58E2D /* UIColor+Interpolation.m in Sources */ = {isa = PBXBuildFile; fileRef = C57EAF561A952A7D00F58E2D /* UIColor+Interpolation.m */; };
		FA7D73FC375B152BA7653D58 /* libPods.a in Frameworks */ = {isa = PBXBuildFile; fileRef = 4C3A7E2C9016DAB252237329 /* libPods.a */; };
/* End PBXBuildFile section */

/* Begin PBXContainerItemProxy section */
		1B89D1D31A8952D60082F9CF /* PBXContainerItemProxy */ = {
			isa = PBXContainerItemProxy;
			containerPortal = 1B89D1AE1A8952D60082F9CF /* Project object */;
			proxyType = 1;
			remoteGlobalIDString = 1B89D1B51A8952D60082F9CF;
			remoteInfo = "micro-location";
		};
/* End PBXContainerItemProxy section */

/* Begin PBXFileReference section */
		068B4E85A6E29D88B3C75EAF /* Pods.debug.xcconfig */ = {isa = PBXFileReference; includeInIndex = 1; lastKnownFileType = text.xcconfig; name = Pods.debug.xcconfig; path = "Pods/Target Support Files/Pods/Pods.debug.xcconfig"; sourceTree = "<group>"; };
		1B363D091A8C077A001306D0 /* beacon_selected.png */ = {isa = PBXFileReference; lastKnownFileType = image.png; path = beacon_selected.png; sourceTree = "<group>"; };
		1B89D1B61A8952D60082F9CF /* micro-location.app */ = {isa = PBXFileReference; explicitFileType = wrapper.application; includeInIndex = 0; path = "micro-location.app"; sourceTree = BUILT_PRODUCTS_DIR; };
		1B89D1BA1A8952D60082F9CF /* Info.plist */ = {isa = PBXFileReference; lastKnownFileType = text.plist.xml; path = Info.plist; sourceTree = "<group>"; };
		1B89D1BB1A8952D60082F9CF /* main.m */ = {isa = PBXFileReference; lastKnownFileType = sourcecode.c.objc; path = main.m; sourceTree = "<group>"; };
		1B89D1BD1A8952D60082F9CF /* AppDelegate.h */ = {isa = PBXFileReference; lastKnownFileType = sourcecode.c.h; path = AppDelegate.h; sourceTree = "<group>"; };
		1B89D1BE1A8952D60082F9CF /* AppDelegate.m */ = {isa = PBXFileReference; lastKnownFileType = sourcecode.c.objc; path = AppDelegate.m; sourceTree = "<group>"; };
		1B89D1C01A8952D60082F9CF /* FirstViewController.h */ = {isa = PBXFileReference; lastKnownFileType = sourcecode.c.h; path = FirstViewController.h; sourceTree = "<group>"; };
		1B89D1C11A8952D60082F9CF /* FirstViewController.m */ = {isa = PBXFileReference; lastKnownFileType = sourcecode.c.objc; path = FirstViewController.m; sourceTree = "<group>"; };
		1B89D1C31A8952D60082F9CF /* SecondViewController.h */ = {isa = PBXFileReference; lastKnownFileType = sourcecode.c.h; path = SecondViewController.h; sourceTree = "<group>"; };
		1B89D1C41A8952D60082F9CF /* SecondViewController.m */ = {isa = PBXFileReference; lastKnownFileType = sourcecode.c.objc; path = SecondViewController.m; sourceTree = "<group>"; };
		1B89D1C71A8952D60082F9CF /* Base */ = {isa = PBXFileReference; lastKnownFileType = file.storyboard; name = Base; path = Base.lproj/Main.storyboard; sourceTree = "<group>"; };
		1B89D1C91A8952D60082F9CF /* Images.xcassets */ = {isa = PBXFileReference; lastKnownFileType = folder.assetcatalog; path = Images.xcassets; sourceTree = "<group>"; };
		1B89D1CC1A8952D60082F9CF /* Base */ = {isa = PBXFileReference; lastKnownFileType = file.xib; name = Base; path = Base.lproj/LaunchScreen.xib; sourceTree = "<group>"; };
		1B89D1D21A8952D60082F9CF /* micro-locationTests.xctest */ = {isa = PBXFileReference; explicitFileType = wrapper.cfbundle; includeInIndex = 0; path = "micro-locationTests.xctest"; sourceTree = BUILT_PRODUCTS_DIR; };
		1B89D1D71A8952D60082F9CF /* Info.plist */ = {isa = PBXFileReference; lastKnownFileType = text.plist.xml; path = Info.plist; sourceTree = "<group>"; };
		1B89D1D81A8952D60082F9CF /* micro_locationTests.m */ = {isa = PBXFileReference; lastKnownFileType = sourcecode.c.objc; path = micro_locationTests.m; sourceTree = "<group>"; };
		1B89D1E31A89595F0082F9CF /* CoreLocation.framework */ = {isa = PBXFileReference; lastKnownFileType = wrapper.framework; name = CoreLocation.framework; path = System/Library/Frameworks/CoreLocation.framework; sourceTree = SDKROOT; };
		1B89D1E51A89596B0082F9CF /* UIKit.framework */ = {isa = PBXFileReference; lastKnownFileType = wrapper.framework; name = UIKit.framework; path = System/Library/Frameworks/UIKit.framework; sourceTree = SDKROOT; };
		1B89D1E71A8959740082F9CF /* CoreGraphics.framework */ = {isa = PBXFileReference; lastKnownFileType = wrapper.framework; name = CoreGraphics.framework; path = System/Library/Frameworks/CoreGraphics.framework; sourceTree = SDKROOT; };
		1B89D1E91A89597D0082F9CF /* Foundation.framework */ = {isa = PBXFileReference; lastKnownFileType = wrapper.framework; name = Foundation.framework; path = System/Library/Frameworks/Foundation.framework; sourceTree = SDKROOT; };
		1B89D1EB1A8959890082F9CF /* CoreBluetooth.framework */ = {isa = PBXFileReference; lastKnownFileType = wrapper.framework; name = CoreBluetooth.framework; path = System/Library/Frameworks/CoreBluetooth.framework; sourceTree = SDKROOT; };
		1B89D1ED1A8959E80082F9CF /* Singleton.h */ = {isa = PBXFileReference; fileEncoding = 4; lastKnownFileType = sourcecode.c.h; path = Singleton.h; sourceTree = "<group>"; };
		1B89D1EE1A8959E80082F9CF /* Singleton.m */ = {isa = PBXFileReference; fileEncoding = 4; lastKnownFileType = sourcecode.c.objc; path = Singleton.m; sourceTree = "<group>"; };
		1B89D1F01A895AED0082F9CF /* ProximityViewController.h */ = {isa = PBXFileReference; fileEncoding = 4; lastKnownFileType = sourcecode.c.h; path = ProximityViewController.h; sourceTree = "<group>"; };
		1B89D1F11A895AED0082F9CF /* ProximityViewController.m */ = {isa = PBXFileReference; fileEncoding = 4; lastKnownFileType = sourcecode.c.objc; path = ProximityViewController.m; sourceTree = "<group>"; };
		1B89D1F41A895CDC0082F9CF /* beacon.png */ = {isa = PBXFileReference; lastKnownFileType = image.png; path = beacon.png; sourceTree = "<group>"; };
		1B89D1F51A895CDC0082F9CF /* bg_proximity.png */ = {isa = PBXFileReference; lastKnownFileType = image.png; path = bg_proximity.png; sourceTree = "<group>"; };
		1B89D1F81A895FFF0082F9CF /* purdue_logo.png */ = {isa = PBXFileReference; lastKnownFileType = image.png; path = purdue_logo.png; sourceTree = "<group>"; };
		1BE6009E1A979DE200FF22C3 /* AFHTTPRequestOperation.h */ = {isa = PBXFileReference; fileEncoding = 4; lastKnownFileType = sourcecode.c.h; path = AFHTTPRequestOperation.h; sourceTree = "<group>"; };
		1BE6009F1A979DE200FF22C3 /* AFHTTPRequestOperation.m */ = {isa = PBXFileReference; fileEncoding = 4; lastKnownFileType = sourcecode.c.objc; path = AFHTTPRequestOperation.m; sourceTree = "<group>"; };
		1BE600A01A979DE200FF22C3 /* AFHTTPRequestOperationManager.h */ = {isa = PBXFileReference; fileEncoding = 4; lastKnownFileType = sourcecode.c.h; path = AFHTTPRequestOperationManager.h; sourceTree = "<group>"; };
		1BE600A11A979DE200FF22C3 /* AFHTTPRequestOperationManager.m */ = {isa = PBXFileReference; fileEncoding = 4; lastKnownFileType = sourcecode.c.objc; path = AFHTTPRequestOperationManager.m; sourceTree = "<group>"; };
		1BE600A21A979DE200FF22C3 /* AFHTTPSessionManager.h */ = {isa = PBXFileReference; fileEncoding = 4; lastKnownFileType = sourcecode.c.h; path = AFHTTPSessionManager.h; sourceTree = "<group>"; };
		1BE600A31A979DE200FF22C3 /* AFHTTPSessionManager.m */ = {isa = PBXFileReference; fileEncoding = 4; lastKnownFileType = sourcecode.c.objc; path = AFHTTPSessionManager.m; sourceTree = "<group>"; };
		1BE600A41A979DE200FF22C3 /* AFNetworking.h */ = {isa = PBXFileReference; fileEncoding = 4; lastKnownFileType = sourcecode.c.h; path = AFNetworking.h; sourceTree = "<group>"; };
		1BE600A51A979DE200FF22C3 /* AFNetworkReachabilityManager.h */ = {isa = PBXFileReference; fileEncoding = 4; lastKnownFileType = sourcecode.c.h; path = AFNetworkReachabilityManager.h; sourceTree = "<group>"; };
		1BE600A61A979DE200FF22C3 /* AFNetworkReachabilityManager.m */ = {isa = PBXFileReference; fileEncoding = 4; lastKnownFileType = sourcecode.c.objc; path = AFNetworkReachabilityManager.m; sourceTree = "<group>"; };
		1BE600A71A979DE200FF22C3 /* AFSecurityPolicy.h */ = {isa = PBXFileReference; fileEncoding = 4; lastKnownFileType = sourcecode.c.h; path = AFSecurityPolicy.h; sourceTree = "<group>"; };
		1BE600A81A979DE200FF22C3 /* AFSecurityPolicy.m */ = {isa = PBXFileReference; fileEncoding = 4; lastKnownFileType = sourcecode.c.objc; path = AFSecurityPolicy.m; sourceTree = "<group>"; };
		1BE600A91A979DE200FF22C3 /* AFURLConnectionOperation.h */ = {isa = PBXFileReference; fileEncoding = 4; lastKnownFileType = sourcecode.c.h; path = AFURLConnectionOperation.h; sourceTree = "<group>"; };
		1BE600AA1A979DE200FF22C3 /* AFURLConnectionOperation.m */ = {isa = PBXFileReference; fileEncoding = 4; lastKnownFileType = sourcecode.c.objc; path = AFURLConnectionOperation.m; sourceTree = "<group>"; };
		1BE600AB1A979DE200FF22C3 /* AFURLRequestSerialization.h */ = {isa = PBXFileReference; fileEncoding = 4; lastKnownFileType = sourcecode.c.h; path = AFURLRequestSerialization.h; sourceTree = "<group>"; };
		1BE600AC1A979DE200FF22C3 /* AFURLRequestSerialization.m */ = {isa = PBXFileReference; fileEncoding = 4; lastKnownFileType = sourcecode.c.objc; path = AFURLRequestSerialization.m; sourceTree = "<group>"; };
		1BE600AD1A979DE200FF22C3 /* AFURLResponseSerialization.h */ = {isa = PBXFileReference; fileEncoding = 4; lastKnownFileType = sourcecode.c.h; path = AFURLResponseSerialization.h; sourceTree = "<group>"; };
		1BE600AE1A979DE200FF22C3 /* AFURLResponseSerialization.m */ = {isa = PBXFileReference; fileEncoding = 4; lastKnownFileType = sourcecode.c.objc; path = AFURLResponseSerialization.m; sourceTree = "<group>"; };
		1BE600AF1A979DE200FF22C3 /* AFURLSessionManager.h */ = {isa = PBXFileReference; fileEncoding = 4; lastKnownFileType = sourcecode.c.h; path = AFURLSessionManager.h; sourceTree = "<group>"; };
		1BE600B01A979DE200FF22C3 /* AFURLSessionManager.m */ = {isa = PBXFileReference; fileEncoding = 4; lastKnownFileType = sourcecode.c.objc; path = AFURLSessionManager.m; sourceTree = "<group>"; };
		1BE600BB1A979DEB00FF22C3 /* AFNetworkActivityIndicatorManager.h */ = {isa = PBXFileReference; fileEncoding = 4; lastKnownFileType = sourcecode.c.h; path = AFNetworkActivityIndicatorManager.h; sourceTree = "<group>"; };
		1BE600BC1A979DEB00FF22C3 /* AFNetworkActivityIndicatorManager.m */ = {isa = PBXFileReference; fileEncoding = 4; lastKnownFileType = sourcecode.c.objc; path = AFNetworkActivityIndicatorManager.m; sourceTree = "<group>"; };
		1BE600BD1A979DEB00FF22C3 /* UIActivityIndicatorView+AFNetworking.h */ = {isa = PBXFileReference; fileEncoding = 4; lastKnownFileType = sourcecode.c.h; path = "UIActivityIndicatorView+AFNetworking.h"; sourceTree = "<group>"; };
		1BE600BE1A979DEB00FF22C3 /* UIActivityIndicatorView+AFNetworking.m */ = {isa = PBXFileReference; fileEncoding = 4; lastKnownFileType = sourcecode.c.objc; path = "UIActivityIndicatorView+AFNetworking.m"; sourceTree = "<group>"; };
		1BE600BF1A979DEB00FF22C3 /* UIAlertView+AFNetworking.h */ = {isa = PBXFileReference; fileEncoding = 4; lastKnownFileType = sourcecode.c.h; path = "UIAlertView+AFNetworking.h"; sourceTree = "<group>"; };
		1BE600C01A979DEB00FF22C3 /* UIAlertView+AFNetworking.m */ = {isa = PBXFileReference; fileEncoding = 4; lastKnownFileType = sourcecode.c.objc; path = "UIAlertView+AFNetworking.m"; sourceTree = "<group>"; };
		1BE600C11A979DEB00FF22C3 /* UIButton+AFNetworking.h */ = {isa = PBXFileReference; fileEncoding = 4; lastKnownFileType = sourcecode.c.h; path = "UIButton+AFNetworking.h"; sourceTree = "<group>"; };
		1BE600C21A979DEB00FF22C3 /* UIButton+AFNetworking.m */ = {isa = PBXFileReference; fileEncoding = 4; lastKnownFileType = sourcecode.c.objc; path = "UIButton+AFNetworking.m"; sourceTree = "<group>"; };
		1BE600C31A979DEB00FF22C3 /* UIImageView+AFNetworking.h */ = {isa = PBXFileReference; fileEncoding = 4; lastKnownFileType = sourcecode.c.h; path = "UIImageView+AFNetworking.h"; sourceTree = "<group>"; };
		1BE600C41A979DEB00FF22C3 /* UIImageView+AFNetworking.m */ = {isa = PBXFileReference; fileEncoding = 4; lastKnownFileType = sourcecode.c.objc; path = "UIImageView+AFNetworking.m"; sourceTree = "<group>"; };
		1BE600C51A979DEB00FF22C3 /* UIKit+AFNetworking.h */ = {isa = PBXFileReference; fileEncoding = 4; lastKnownFileType = sourcecode.c.h; path = "UIKit+AFNetworking.h"; sourceTree = "<group>"; };
		1BE600C61A979DEB00FF22C3 /* UIProgressView+AFNetworking.h */ = {isa = PBXFileReference; fileEncoding = 4; lastKnownFileType = sourcecode.c.h; path = "UIProgressView+AFNetworking.h"; sourceTree = "<group>"; };
		1BE600C71A979DEB00FF22C3 /* UIProgressView+AFNetworking.m */ = {isa = PBXFileReference; fileEncoding = 4; lastKnownFileType = sourcecode.c.objc; path = "UIProgressView+AFNetworking.m"; sourceTree = "<group>"; };
		1BE600C81A979DEB00FF22C3 /* UIRefreshControl+AFNetworking.h */ = {isa = PBXFileReference; fileEncoding = 4; lastKnownFileType = sourcecode.c.h; path = "UIRefreshControl+AFNetworking.h"; sourceTree = "<group>"; };
		1BE600C91A979DEB00FF22C3 /* UIRefreshControl+AFNetworking.m */ = {isa = PBXFileReference; fileEncoding = 4; lastKnownFileType = sourcecode.c.objc; path = "UIRefreshControl+AFNetworking.m"; sourceTree = "<group>"; };
		1BE600CA1A979DEB00FF22C3 /* UIWebView+AFNetworking.h */ = {isa = PBXFileReference; fileEncoding = 4; lastKnownFileType = sourcecode.c.h; path = "UIWebView+AFNetworking.h"; sourceTree = "<group>"; };
		1BE600CB1A979DEB00FF22C3 /* UIWebView+AFNetworking.m */ = {isa = PBXFileReference; fileEncoding = 4; lastKnownFileType = sourcecode.c.objc; path = "UIWebView+AFNetworking.m"; sourceTree = "<group>"; };
		3791C88D5548CD0FD8C82D63 /* Pods.release.xcconfig */ = {isa = PBXFileReference; includeInIndex = 1; lastKnownFileType = text.xcconfig; name = Pods.release.xcconfig; path = "Pods/Target Support Files/Pods/Pods.release.xcconfig"; sourceTree = "<group>"; };
		4C3A7E2C9016DAB252237329 /* libPods.a */ = {isa = PBXFileReference; explicitFileType = archive.ar; includeInIndex = 0; path = libPods.a; sourceTree = BUILT_PRODUCTS_DIR; };
		C57EAF481A95293700F58E2D /* BeaconManagerProtocol.h */ = {isa = PBXFileReference; lastKnownFileType = sourcecode.c.h; path = BeaconManagerProtocol.h; sourceTree = "<group>"; };
		C57EAF491A95295500F58E2D /* GenericBeaconManager.h */ = {isa = PBXFileReference; fileEncoding = 4; lastKnownFileType = sourcecode.c.h; path = GenericBeaconManager.h; sourceTree = "<group>"; };
		C57EAF4A1A95295500F58E2D /* GenericBeaconManager.m */ = {isa = PBXFileReference; fileEncoding = 4; lastKnownFileType = sourcecode.c.objc; path = GenericBeaconManager.m; sourceTree = "<group>"; };
		C57EAF4C1A9529A500F58E2D /* CDSiBeaconPFViewController.h */ = {isa = PBXFileReference; fileEncoding = 4; lastKnownFileType = sourcecode.c.h; path = CDSiBeaconPFViewController.h; sourceTree = "<group>"; };
		C57EAF4D1A9529A500F58E2D /* CDSiBeaconPFViewController.m */ = {isa = PBXFileReference; fileEncoding = 4; lastKnownFileType = sourcecode.c.objc; path = CDSiBeaconPFViewController.m; sourceTree = "<group>"; };
		C57EAF4F1A9529F800F58E2D /* CDSBeaconLandmark.h */ = {isa = PBXFileReference; fileEncoding = 4; lastKnownFileType = sourcecode.c.h; path = CDSBeaconLandmark.h; sourceTree = "<group>"; };
		C57EAF501A9529F800F58E2D /* CDSBeaconLandmark.m */ = {isa = PBXFileReference; fileEncoding = 4; lastKnownFileType = sourcecode.c.objc; path = CDSBeaconLandmark.m; sourceTree = "<group>"; };
		C57EAF521A952A3B00F58E2D /* CDSArenaView.h */ = {isa = PBXFileReference; fileEncoding = 4; lastKnownFileType = sourcecode.c.h; path = CDSArenaView.h; sourceTree = "<group>"; };
		C57EAF531A952A3B00F58E2D /* CDSArenaView.m */ = {isa = PBXFileReference; fileEncoding = 4; lastKnownFileType = sourcecode.c.objc; path = CDSArenaView.m; sourceTree = "<group>"; };
		C57EAF551A952A7D00F58E2D /* UIColor+Interpolation.h */ = {isa = PBXFileReference; fileEncoding = 4; lastKnownFileType = sourcecode.c.h; path = "UIColor+Interpolation.h"; sourceTree = "<group>"; };
		C57EAF561A952A7D00F58E2D /* UIColor+Interpolation.m */ = {isa = PBXFileReference; fileEncoding = 4; lastKnownFileType = sourcecode.c.objc; path = "UIColor+Interpolation.m"; sourceTree = "<group>"; };
		C57EAF581A9943CF00F58E2D /* micro-location.pch */ = {isa = PBXFileReference; lastKnownFileType = sourcecode.c.h; path = "micro-location.pch"; sourceTree = "<group>"; };
/* End PBXFileReference section */

/* Begin PBXFrameworksBuildPhase section */
		1B89D1B31A8952D60082F9CF /* Frameworks */ = {
			isa = PBXFrameworksBuildPhase;
			buildActionMask = 2147483647;
			files = (
				1B89D1EC1A8959890082F9CF /* CoreBluetooth.framework in Frameworks */,
				1B89D1EA1A89597D0082F9CF /* Foundation.framework in Frameworks */,
				1B89D1E81A8959740082F9CF /* CoreGraphics.framework in Frameworks */,
				1B89D1E61A89596B0082F9CF /* UIKit.framework in Frameworks */,
				1B89D1E41A89595F0082F9CF /* CoreLocation.framework in Frameworks */,
				FA7D73FC375B152BA7653D58 /* libPods.a in Frameworks */,
			);
			runOnlyForDeploymentPostprocessing = 0;
		};
		1B89D1CF1A8952D60082F9CF /* Frameworks */ = {
			isa = PBXFrameworksBuildPhase;
			buildActionMask = 2147483647;
			files = (
			);
			runOnlyForDeploymentPostprocessing = 0;
		};
/* End PBXFrameworksBuildPhase section */

/* Begin PBXGroup section */
		1B89D1AD1A8952D60082F9CF = {
			isa = PBXGroup;
			children = (
				1B89D1B81A8952D60082F9CF /* micro-location */,
				1B89D1E21A8959260082F9CF /* Frameworks */,
				1B89D1D51A8952D60082F9CF /* micro-locationTests */,
				1BE600D41A979E8500FF22C3 /* AFNetworking */,
				1B89D1B71A8952D60082F9CF /* Products */,
				1BDF4B020722994D745BA8CA /* Pods */,
			);
			sourceTree = "<group>";
		};
		1B89D1B71A8952D60082F9CF /* Products */ = {
			isa = PBXGroup;
			children = (
				1B89D1B61A8952D60082F9CF /* micro-location.app */,
				1B89D1D21A8952D60082F9CF /* micro-locationTests.xctest */,
			);
			name = Products;
			sourceTree = "<group>";
		};
		1B89D1B81A8952D60082F9CF /* micro-location */ = {
			isa = PBXGroup;
			children = (
				1B89D1BD1A8952D60082F9CF /* AppDelegate.h */,
				1B89D1BE1A8952D60082F9CF /* AppDelegate.m */,
				C57EAF481A95293700F58E2D /* BeaconManagerProtocol.h */,
				C57EAF491A95295500F58E2D /* GenericBeaconManager.h */,
				C57EAF4A1A95295500F58E2D /* GenericBeaconManager.m */,
				C57EAF4C1A9529A500F58E2D /* CDSiBeaconPFViewController.h */,
				C57EAF4D1A9529A500F58E2D /* CDSiBeaconPFViewController.m */,
				C57EAF4F1A9529F800F58E2D /* CDSBeaconLandmark.h */,
				C57EAF501A9529F800F58E2D /* CDSBeaconLandmark.m */,
				C57EAF521A952A3B00F58E2D /* CDSArenaView.h */,
				C57EAF531A952A3B00F58E2D /* CDSArenaView.m */,
				C57EAF551A952A7D00F58E2D /* UIColor+Interpolation.h */,
				C57EAF561A952A7D00F58E2D /* UIColor+Interpolation.m */,
				1B89D1C01A8952D60082F9CF /* FirstViewController.h */,
				1B89D1C11A8952D60082F9CF /* FirstViewController.m */,
				1B89D1C31A8952D60082F9CF /* SecondViewController.h */,
				1B89D1C41A8952D60082F9CF /* SecondViewController.m */,
				1B89D1F01A895AED0082F9CF /* ProximityViewController.h */,
				1B89D1F11A895AED0082F9CF /* ProximityViewController.m */,
				1B89D1ED1A8959E80082F9CF /* Singleton.h */,
				1B89D1EE1A8959E80082F9CF /* Singleton.m */,
				1B89D1C61A8952D60082F9CF /* Main.storyboard */,
				1B89D1C91A8952D60082F9CF /* Images.xcassets */,
				1B89D1CB1A8952D60082F9CF /* LaunchScreen.xib */,
				1B89D1F31A895CDC0082F9CF /* images */,
				1B89D1B91A8952D60082F9CF /* Supporting Files */,
			);
			path = "micro-location";
			sourceTree = "<group>";
		};
		1B89D1B91A8952D60082F9CF /* Supporting Files */ = {
			isa = PBXGroup;
			children = (
				1B89D1BA1A8952D60082F9CF /* Info.plist */,
				C57EAF581A9943CF00F58E2D /* micro-location.pch */,
				1B89D1BB1A8952D60082F9CF /* main.m */,
			);
			name = "Supporting Files";
			sourceTree = "<group>";
		};
		1B89D1D51A8952D60082F9CF /* micro-locationTests */ = {
			isa = PBXGroup;
			children = (
				1B89D1D81A8952D60082F9CF /* micro_locationTests.m */,
				1B89D1D61A8952D60082F9CF /* Supporting Files */,
			);
			path = "micro-locationTests";
			sourceTree = "<group>";
		};
		1B89D1D61A8952D60082F9CF /* Supporting Files */ = {
			isa = PBXGroup;
			children = (
				1B89D1D71A8952D60082F9CF /* Info.plist */,
			);
			name = "Supporting Files";
			sourceTree = "<group>";
		};
		1B89D1E21A8959260082F9CF /* Frameworks */ = {
			isa = PBXGroup;
			children = (
				1B89D1EB1A8959890082F9CF /* CoreBluetooth.framework */,
				1B89D1E91A89597D0082F9CF /* Foundation.framework */,
				1B89D1E71A8959740082F9CF /* CoreGraphics.framework */,
				1B89D1E51A89596B0082F9CF /* UIKit.framework */,
				1B89D1E31A89595F0082F9CF /* CoreLocation.framework */,
				4C3A7E2C9016DAB252237329 /* libPods.a */,
			);
			name = Frameworks;
			path = "micro-location";
			sourceTree = "<group>";
		};
		1B89D1F31A895CDC0082F9CF /* images */ = {
			isa = PBXGroup;
			children = (
				1B363D091A8C077A001306D0 /* beacon_selected.png */,
				1B89D1F81A895FFF0082F9CF /* purdue_logo.png */,
				1B89D1F41A895CDC0082F9CF /* beacon.png */,
				1B89D1F51A895CDC0082F9CF /* bg_proximity.png */,
			);
			path = images;
			sourceTree = "<group>";
		};
		1BE6009D1A979DE200FF22C3 /* AFNetworking */ = {
			isa = PBXGroup;
			children = (
				1BE6009E1A979DE200FF22C3 /* AFHTTPRequestOperation.h */,
				1BE6009F1A979DE200FF22C3 /* AFHTTPRequestOperation.m */,
				1BE600A01A979DE200FF22C3 /* AFHTTPRequestOperationManager.h */,
				1BE600A11A979DE200FF22C3 /* AFHTTPRequestOperationManager.m */,
				1BE600A21A979DE200FF22C3 /* AFHTTPSessionManager.h */,
				1BE600A31A979DE200FF22C3 /* AFHTTPSessionManager.m */,
				1BE600A41A979DE200FF22C3 /* AFNetworking.h */,
				1BE600A51A979DE200FF22C3 /* AFNetworkReachabilityManager.h */,
				1BE600A61A979DE200FF22C3 /* AFNetworkReachabilityManager.m */,
				1BE600A71A979DE200FF22C3 /* AFSecurityPolicy.h */,
				1BE600A81A979DE200FF22C3 /* AFSecurityPolicy.m */,
				1BE600A91A979DE200FF22C3 /* AFURLConnectionOperation.h */,
				1BE600AA1A979DE200FF22C3 /* AFURLConnectionOperation.m */,
				1BE600AB1A979DE200FF22C3 /* AFURLRequestSerialization.h */,
				1BE600AC1A979DE200FF22C3 /* AFURLRequestSerialization.m */,
				1BE600AD1A979DE200FF22C3 /* AFURLResponseSerialization.h */,
				1BE600AE1A979DE200FF22C3 /* AFURLResponseSerialization.m */,
				1BE600AF1A979DE200FF22C3 /* AFURLSessionManager.h */,
				1BE600B01A979DE200FF22C3 /* AFURLSessionManager.m */,
			);
			name = AFNetworking;
			path = "../../Downloads/AFNetworking-2.5.0/AFNetworking";
			sourceTree = "<group>";
		};
		1BE600BA1A979DEB00FF22C3 /* UIKit+AFNetworking */ = {
			isa = PBXGroup;
			children = (
				1BE600BB1A979DEB00FF22C3 /* AFNetworkActivityIndicatorManager.h */,
				1BE600BC1A979DEB00FF22C3 /* AFNetworkActivityIndicatorManager.m */,
				1BE600BD1A979DEB00FF22C3 /* UIActivityIndicatorView+AFNetworking.h */,
				1BE600BE1A979DEB00FF22C3 /* UIActivityIndicatorView+AFNetworking.m */,
				1BE600BF1A979DEB00FF22C3 /* UIAlertView+AFNetworking.h */,
				1BE600C01A979DEB00FF22C3 /* UIAlertView+AFNetworking.m */,
				1BE600C11A979DEB00FF22C3 /* UIButton+AFNetworking.h */,
				1BE600C21A979DEB00FF22C3 /* UIButton+AFNetworking.m */,
				1BE600C31A979DEB00FF22C3 /* UIImageView+AFNetworking.h */,
				1BE600C41A979DEB00FF22C3 /* UIImageView+AFNetworking.m */,
				1BE600C51A979DEB00FF22C3 /* UIKit+AFNetworking.h */,
				1BE600C61A979DEB00FF22C3 /* UIProgressView+AFNetworking.h */,
				1BE600C71A979DEB00FF22C3 /* UIProgressView+AFNetworking.m */,
				1BE600C81A979DEB00FF22C3 /* UIRefreshControl+AFNetworking.h */,
				1BE600C91A979DEB00FF22C3 /* UIRefreshControl+AFNetworking.m */,
				1BE600CA1A979DEB00FF22C3 /* UIWebView+AFNetworking.h */,
				1BE600CB1A979DEB00FF22C3 /* UIWebView+AFNetworking.m */,
			);
			name = "UIKit+AFNetworking";
			path = "../../Downloads/AFNetworking-2.5.0/UIKit+AFNetworking";
			sourceTree = "<group>";
		};
		1BE600D41A979E8500FF22C3 /* AFNetworking */ = {
			isa = PBXGroup;
			children = (
				1BE600BA1A979DEB00FF22C3 /* UIKit+AFNetworking */,
				1BE6009D1A979DE200FF22C3 /* AFNetworking */,
			);
			name = AFNetworking;
			sourceTree = "<group>";
		};
		1BDF4B020722994D745BA8CA /* Pods */ = {
			isa = PBXGroup;
			children = (
				068B4E85A6E29D88B3C75EAF /* Pods.debug.xcconfig */,
				3791C88D5548CD0FD8C82D63 /* Pods.release.xcconfig */,
			);
			name = Pods;
			sourceTree = "<group>";
		};
/* End PBXGroup section */

/* Begin PBXNativeTarget section */
		1B89D1B51A8952D60082F9CF /* micro-location */ = {
			isa = PBXNativeTarget;
			buildConfigurationList = 1B89D1DC1A8952D60082F9CF /* Build configuration list for PBXNativeTarget "micro-location" */;
			buildPhases = (
				7C5D71454CBB647763F56AE3 /* Check Pods Manifest.lock */,
				1B89D1B21A8952D60082F9CF /* Sources */,
				1B89D1B31A8952D60082F9CF /* Frameworks */,
				1B89D1B41A8952D60082F9CF /* Resources */,
				2BA53D24AD196B49BB6E6B32 /* Copy Pods Resources */,
			);
			buildRules = (
			);
			dependencies = (
			);
			name = "micro-location";
			productName = "micro-location";
			productReference = 1B89D1B61A8952D60082F9CF /* micro-location.app */;
			productType = "com.apple.product-type.application";
		};
		1B89D1D11A8952D60082F9CF /* micro-locationTests */ = {
			isa = PBXNativeTarget;
			buildConfigurationList = 1B89D1DF1A8952D60082F9CF /* Build configuration list for PBXNativeTarget "micro-locationTests" */;
			buildPhases = (
				1B89D1CE1A8952D60082F9CF /* Sources */,
				1B89D1CF1A8952D60082F9CF /* Frameworks */,
				1B89D1D01A8952D60082F9CF /* Resources */,
			);
			buildRules = (
			);
			dependencies = (
				1B89D1D41A8952D60082F9CF /* PBXTargetDependency */,
			);
			name = "micro-locationTests";
			productName = "micro-locationTests";
			productReference = 1B89D1D21A8952D60082F9CF /* micro-locationTests.xctest */;
			productType = "com.apple.product-type.bundle.unit-test";
		};
/* End PBXNativeTarget section */

/* Begin PBXProject section */
		1B89D1AE1A8952D60082F9CF /* Project object */ = {
			isa = PBXProject;
			attributes = {
				LastUpgradeCheck = 0610;
				ORGANIZATIONNAME = "Lost Eon Entertainment";
				TargetAttributes = {
					1B89D1B51A8952D60082F9CF = {
						CreatedOnToolsVersion = 6.1.1;
						SystemCapabilities = {
							com.apple.BackgroundModes = {
								enabled = 1;
							};
						};
					};
					1B89D1D11A8952D60082F9CF = {
						CreatedOnToolsVersion = 6.1.1;
						TestTargetID = 1B89D1B51A8952D60082F9CF;
					};
				};
			};
			buildConfigurationList = 1B89D1B11A8952D60082F9CF /* Build configuration list for PBXProject "micro-location" */;
			compatibilityVersion = "Xcode 3.2";
			developmentRegion = English;
			hasScannedForEncodings = 0;
			knownRegions = (
				en,
				Base,
			);
			mainGroup = 1B89D1AD1A8952D60082F9CF;
			productRefGroup = 1B89D1B71A8952D60082F9CF /* Products */;
			projectDirPath = "";
			projectRoot = "";
			targets = (
				1B89D1B51A8952D60082F9CF /* micro-location */,
				1B89D1D11A8952D60082F9CF /* micro-locationTests */,
			);
		};
/* End PBXProject section */

/* Begin PBXResourcesBuildPhase section */
		1B89D1B41A8952D60082F9CF /* Resources */ = {
			isa = PBXResourcesBuildPhase;
			buildActionMask = 2147483647;
			files = (
				1B89D1C81A8952D60082F9CF /* Main.storyboard in Resources */,
				1B89D1F71A895CDC0082F9CF /* bg_proximity.png in Resources */,
				1B89D1F61A895CDC0082F9CF /* beacon.png in Resources */,
				1B363D0A1A8C077A001306D0 /* beacon_selected.png in Resources */,
				1B89D1F91A895FFF0082F9CF /* purdue_logo.png in Resources */,
				1B89D1CD1A8952D60082F9CF /* LaunchScreen.xib in Resources */,
				1B89D1CA1A8952D60082F9CF /* Images.xcassets in Resources */,
			);
			runOnlyForDeploymentPostprocessing = 0;
		};
		1B89D1D01A8952D60082F9CF /* Resources */ = {
			isa = PBXResourcesBuildPhase;
			buildActionMask = 2147483647;
			files = (
			);
			runOnlyForDeploymentPostprocessing = 0;
		};
/* End PBXResourcesBuildPhase section */

/* Begin PBXShellScriptBuildPhase section */
		2BA53D24AD196B49BB6E6B32 /* Copy Pods Resources */ = {
			isa = PBXShellScriptBuildPhase;
			buildActionMask = 2147483647;
			files = (
			);
			inputPaths = (
			);
			name = "Copy Pods Resources";
			outputPaths = (
			);
			runOnlyForDeploymentPostprocessing = 0;
			shellPath = /bin/sh;
			shellScript = "\"${SRCROOT}/Pods/Target Support Files/Pods/Pods-resources.sh\"\n";
			showEnvVarsInLog = 0;
		};
		7C5D71454CBB647763F56AE3 /* Check Pods Manifest.lock */ = {
			isa = PBXShellScriptBuildPhase;
			buildActionMask = 2147483647;
			files = (
			);
			inputPaths = (
			);
			name = "Check Pods Manifest.lock";
			outputPaths = (
			);
			runOnlyForDeploymentPostprocessing = 0;
			shellPath = /bin/sh;
			shellScript = "diff \"${PODS_ROOT}/../Podfile.lock\" \"${PODS_ROOT}/Manifest.lock\" > /dev/null\nif [[ $? != 0 ]] ; then\n    cat << EOM\nerror: The sandbox is not in sync with the Podfile.lock. Run 'pod install' or update your CocoaPods installation.\nEOM\n    exit 1\nfi\n";
			showEnvVarsInLog = 0;
		};
/* End PBXShellScriptBuildPhase section */

/* Begin PBXSourcesBuildPhase section */
		1B89D1B21A8952D60082F9CF /* Sources */ = {
			isa = PBXSourcesBuildPhase;
			buildActionMask = 2147483647;
			files = (
				1BE600B91A979DE200FF22C3 /* AFURLSessionManager.m in Sources */,
				1B89D1F21A895AED0082F9CF /* ProximityViewController.m in Sources */,
				1B89D1C51A8952D60082F9CF /* SecondViewController.m in Sources */,
				1BE600B41A979DE200FF22C3 /* AFNetworkReachabilityManager.m in Sources */,
				1BE600CC1A979DEB00FF22C3 /* AFNetworkActivityIndicatorManager.m in Sources */,
				C57EAF4B1A95295600F58E2D /* GenericBeaconManager.m in Sources */,
				C57EAF571A952A7D00F58E2D /* UIColor+Interpolation.m in Sources */,
				1B89D1BF1A8952D60082F9CF /* AppDelegate.m in Sources */,
				1BE600B61A979DE200FF22C3 /* AFURLConnectionOperation.m in Sources */,
				1BE600D11A979DEB00FF22C3 /* UIProgressView+AFNetworking.m in Sources */,
				1BE600B31A979DE200FF22C3 /* AFHTTPSessionManager.m in Sources */,
				1BE600B71A979DE200FF22C3 /* AFURLRequestSerialization.m in Sources */,
				1B89D1C21A8952D60082F9CF /* FirstViewController.m in Sources */,
				1BE600CF1A979DEB00FF22C3 /* UIButton+AFNetworking.m in Sources */,
				1BE600D01A979DEB00FF22C3 /* UIImageView+AFNetworking.m in Sources */,
				1B89D1BC1A8952D60082F9CF /* main.m in Sources */,
				1B89D1EF1A8959E80082F9CF /* Singleton.m in Sources */,
				1BE600CE1A979DEB00FF22C3 /* UIAlertView+AFNetworking.m in Sources */,
				1BE600D31A979DEB00FF22C3 /* UIWebView+AFNetworking.m in Sources */,
				1BE600CD1A979DEB00FF22C3 /* UIActivityIndicatorView+AFNetworking.m in Sources */,
				1BE600B21A979DE200FF22C3 /* AFHTTPRequestOperationManager.m in Sources */,
				1BE600D21A979DEB00FF22C3 /* UIRefreshControl+AFNetworking.m in Sources */,
				1BE600B51A979DE200FF22C3 /* AFSecurityPolicy.m in Sources */,
				1BE600B81A979DE200FF22C3 /* AFURLResponseSerialization.m in Sources */,
				1BE600B11A979DE200FF22C3 /* AFHTTPRequestOperation.m in Sources */,
				C57EAF541A952A3B00F58E2D /* CDSArenaView.m in Sources */,
				C57EAF4E1A9529A500F58E2D /* CDSiBeaconPFViewController.m in Sources */,
				C57EAF511A9529F800F58E2D /* CDSBeaconLandmark.m in Sources */,
			);
			runOnlyForDeploymentPostprocessing = 0;
		};
		1B89D1CE1A8952D60082F9CF /* Sources */ = {
			isa = PBXSourcesBuildPhase;
			buildActionMask = 2147483647;
			files = (
				1B89D1D91A8952D60082F9CF /* micro_locationTests.m in Sources */,
			);
			runOnlyForDeploymentPostprocessing = 0;
		};
/* End PBXSourcesBuildPhase section */

/* Begin PBXTargetDependency section */
		1B89D1D41A8952D60082F9CF /* PBXTargetDependency */ = {
			isa = PBXTargetDependency;
			target = 1B89D1B51A8952D60082F9CF /* micro-location */;
			targetProxy = 1B89D1D31A8952D60082F9CF /* PBXContainerItemProxy */;
		};
/* End PBXTargetDependency section */

/* Begin PBXVariantGroup section */
		1B89D1C61A8952D60082F9CF /* Main.storyboard */ = {
			isa = PBXVariantGroup;
			children = (
				1B89D1C71A8952D60082F9CF /* Base */,
			);
			name = Main.storyboard;
			sourceTree = "<group>";
		};
		1B89D1CB1A8952D60082F9CF /* LaunchScreen.xib */ = {
			isa = PBXVariantGroup;
			children = (
				1B89D1CC1A8952D60082F9CF /* Base */,
			);
			name = LaunchScreen.xib;
			sourceTree = "<group>";
		};
/* End PBXVariantGroup section */

/* Begin XCBuildConfiguration section */
		1B89D1DA1A8952D60082F9CF /* Debug */ = {
			isa = XCBuildConfiguration;
			buildSettings = {
				ALWAYS_SEARCH_USER_PATHS = NO;
				CLANG_CXX_LANGUAGE_STANDARD = "gnu++0x";
				CLANG_CXX_LIBRARY = "libc++";
				CLANG_ENABLE_MODULES = YES;
				CLANG_ENABLE_OBJC_ARC = YES;
				CLANG_WARN_BOOL_CONVERSION = YES;
				CLANG_WARN_CONSTANT_CONVERSION = YES;
				CLANG_WARN_DIRECT_OBJC_ISA_USAGE = YES_ERROR;
				CLANG_WARN_EMPTY_BODY = YES;
				CLANG_WARN_ENUM_CONVERSION = YES;
				CLANG_WARN_INT_CONVERSION = YES;
				CLANG_WARN_OBJC_ROOT_CLASS = YES_ERROR;
				CLANG_WARN_UNREACHABLE_CODE = YES;
				CLANG_WARN__DUPLICATE_METHOD_MATCH = YES;
				"CODE_SIGN_IDENTITY[sdk=iphoneos*]" = "iPhone Developer";
				COPY_PHASE_STRIP = NO;
				ENABLE_STRICT_OBJC_MSGSEND = YES;
				GCC_C_LANGUAGE_STANDARD = gnu99;
				GCC_DYNAMIC_NO_PIC = NO;
				GCC_OPTIMIZATION_LEVEL = 0;
				GCC_PREPROCESSOR_DEFINITIONS = (
					"DEBUG=1",
					"$(inherited)",
				);
				GCC_SYMBOLS_PRIVATE_EXTERN = NO;
				GCC_WARN_64_TO_32_BIT_CONVERSION = YES;
				GCC_WARN_ABOUT_RETURN_TYPE = YES_ERROR;
				GCC_WARN_UNDECLARED_SELECTOR = YES;
				GCC_WARN_UNINITIALIZED_AUTOS = YES_AGGRESSIVE;
				GCC_WARN_UNUSED_FUNCTION = YES;
				GCC_WARN_UNUSED_VARIABLE = YES;
				IPHONEOS_DEPLOYMENT_TARGET = 8.1;
				MTL_ENABLE_DEBUG_INFO = YES;
				ONLY_ACTIVE_ARCH = YES;
				SDKROOT = iphoneos;
			};
			name = Debug;
		};
		1B89D1DB1A8952D60082F9CF /* Release */ = {
			isa = XCBuildConfiguration;
			buildSettings = {
				ALWAYS_SEARCH_USER_PATHS = NO;
				CLANG_CXX_LANGUAGE_STANDARD = "gnu++0x";
				CLANG_CXX_LIBRARY = "libc++";
				CLANG_ENABLE_MODULES = YES;
				CLANG_ENABLE_OBJC_ARC = YES;
				CLANG_WARN_BOOL_CONVERSION = YES;
				CLANG_WARN_CONSTANT_CONVERSION = YES;
				CLANG_WARN_DIRECT_OBJC_ISA_USAGE = YES_ERROR;
				CLANG_WARN_EMPTY_BODY = YES;
				CLANG_WARN_ENUM_CONVERSION = YES;
				CLANG_WARN_INT_CONVERSION = YES;
				CLANG_WARN_OBJC_ROOT_CLASS = YES_ERROR;
				CLANG_WARN_UNREACHABLE_CODE = YES;
				CLANG_WARN__DUPLICATE_METHOD_MATCH = YES;
				"CODE_SIGN_IDENTITY[sdk=iphoneos*]" = "iPhone Developer";
				COPY_PHASE_STRIP = YES;
				ENABLE_NS_ASSERTIONS = NO;
				ENABLE_STRICT_OBJC_MSGSEND = YES;
				GCC_C_LANGUAGE_STANDARD = gnu99;
				GCC_WARN_64_TO_32_BIT_CONVERSION = YES;
				GCC_WARN_ABOUT_RETURN_TYPE = YES_ERROR;
				GCC_WARN_UNDECLARED_SELECTOR = YES;
				GCC_WARN_UNINITIALIZED_AUTOS = YES_AGGRESSIVE;
				GCC_WARN_UNUSED_FUNCTION = YES;
				GCC_WARN_UNUSED_VARIABLE = YES;
				IPHONEOS_DEPLOYMENT_TARGET = 8.1;
				MTL_ENABLE_DEBUG_INFO = NO;
				SDKROOT = iphoneos;
				VALIDATE_PRODUCT = YES;
			};
			name = Release;
		};
		1B89D1DD1A8952D60082F9CF /* Debug */ = {
			isa = XCBuildConfiguration;
			baseConfigurationReference = 068B4E85A6E29D88B3C75EAF /* Pods.debug.xcconfig */;
			buildSettings = {
				ASSETCATALOG_COMPILER_APPICON_NAME = AppIcon;
				ASSETCATALOG_COMPILER_LAUNCHIMAGE_NAME = LaunchImage;
				GCC_PRECOMPILE_PREFIX_HEADER = YES;
				INFOPLIST_FILE = "micro-location/Info.plist";
				LD_RUNPATH_SEARCH_PATHS = "$(inherited) @executable_path/Frameworks";
				PRODUCT_NAME = "$(TARGET_NAME)";
			};
			name = Debug;
		};
		1B89D1DE1A8952D60082F9CF /* Release */ = {
			isa = XCBuildConfiguration;
			baseConfigurationReference = 3791C88D5548CD0FD8C82D63 /* Pods.release.xcconfig */;
			buildSettings = {
				ASSETCATALOG_COMPILER_APPICON_NAME = AppIcon;
				ASSETCATALOG_COMPILER_LAUNCHIMAGE_NAME = LaunchImage;
				GCC_PRECOMPILE_PREFIX_HEADER = YES;
				INFOPLIST_FILE = "micro-location/Info.plist";
				LD_RUNPATH_SEARCH_PATHS = "$(inherited) @executable_path/Frameworks";
				PRODUCT_NAME = "$(TARGET_NAME)";
			};
			name = Release;
		};
		1B89D1E01A8952D60082F9CF /* Debug */ = {
			isa = XCBuildConfiguration;
			buildSettings = {
				BUNDLE_LOADER = "$(TEST_HOST)";
				FRAMEWORK_SEARCH_PATHS = (
					"$(SDKROOT)/Developer/Library/Frameworks",
					"$(inherited)",
				);
				GCC_PREPROCESSOR_DEFINITIONS = (
					"DEBUG=1",
					"$(inherited)",
				);
				INFOPLIST_FILE = "micro-locationTests/Info.plist";
				LD_RUNPATH_SEARCH_PATHS = "$(inherited) @executable_path/Frameworks @loader_path/Frameworks";
				PRODUCT_NAME = "$(TARGET_NAME)";
				TEST_HOST = "$(BUILT_PRODUCTS_DIR)/micro-location.app/micro-location";
			};
			name = Debug;
		};
		1B89D1E11A8952D60082F9CF /* Release */ = {
			isa = XCBuildConfiguration;
			buildSettings = {
				BUNDLE_LOADER = "$(TEST_HOST)";
				FRAMEWORK_SEARCH_PATHS = (
					"$(SDKROOT)/Developer/Library/Frameworks",
					"$(inherited)",
				);
				INFOPLIST_FILE = "micro-locationTests/Info.plist";
				LD_RUNPATH_SEARCH_PATHS = "$(inherited) @executable_path/Frameworks @loader_path/Frameworks";
				PRODUCT_NAME = "$(TARGET_NAME)";
				TEST_HOST = "$(BUILT_PRODUCTS_DIR)/micro-location.app/micro-location";
			};
			name = Release;
		};
/* End XCBuildConfiguration section */

/* Begin XCConfigurationList section */
		1B89D1B11A8952D60082F9CF /* Build configuration list for PBXProject "micro-location" */ = {
			isa = XCConfigurationList;
			buildConfigurations = (
				1B89D1DA1A8952D60082F9CF /* Debug */,
				1B89D1DB1A8952D60082F9CF /* Release */,
			);
			defaultConfigurationIsVisible = 0;
			defaultConfigurationName = Release;
		};
		1B89D1DC1A8952D60082F9CF /* Build configuration list for PBXNativeTarget "micro-location" */ = {
			isa = XCConfigurationList;
			buildConfigurations = (
				1B89D1DD1A8952D60082F9CF /* Debug */,
				1B89D1DE1A8952D60082F9CF /* Release */,
			);
			defaultConfigurationIsVisible = 0;
			defaultConfigurationName = Release;
		};
		1B89D1DF1A8952D60082F9CF /* Build configuration list for PBXNativeTarget "micro-locationTests" */ = {
			isa = XCConfigurationList;
			buildConfigurations = (
				1B89D1E01A8952D60082F9CF /* Debug */,
				1B89D1E11A8952D60082F9CF /* Release */,
			);
			defaultConfigurationIsVisible = 0;
			defaultConfigurationName = Release;
		};
/* End XCConfigurationList section */
	};
	rootObject = 1B89D1AE1A8952D60082F9CF /* Project object */;
}
