PODS:
  - CDSParticleFilter (0.5)
  - CocoaLumberjack (1.8.1):
    - CocoaLumberjack/Extensions
  - CocoaLumberjack/Core (1.8.1)
  - CocoaLumberjack/Extensions (1.8.1):
    - CocoaLumberjack/Core
  - EstimoteSDK (1.3.0)

DEPENDENCIES:
  - CDSParticleFilter
  - CocoaLumberjack
  - EstimoteSDK

SPEC CHECKSUMS:
  CDSParticleFilter: 2c0197e72a131aeb553315467411112afaaf9c4b
  CocoaLumberjack: 020378ec400d658923bf5887178394f65f052c90
  EstimoteSDK: f77e7cd88abd9b3be725041550e5aad727353d4f

COCOAPODS: 0.28.0
