// !$*UTF8*$!
{
	archiveVersion = 1;
	classes = {
	};
	objectVersion = 46;
	objects = {

/* Begin PBXAggregateTarget section */
		4932717F18BFBA780043C2AF /* Documentation */ = {
			isa = PBXAggregateTarget;
			buildConfigurationList = 4932718218BFBA780043C2AF /* Build configuration list for PBXAggregateTarget "Documentation" */;
			buildPhases = (
				4932718418BFBAFA0043C2AF /* ShellScript */,
			);
			dependencies = (
			);
			name = Documentation;
			productName = Documentation;
		};
/* End PBXAggregateTarget section */

/* Begin PBXBuildFile section */
		496CC60718AEA5CC00612C4F /* Foundation.framework in Frameworks */ = {isa = PBXBuildFile; fileRef = 496CC60618AEA5CC00612C4F /* Foundation.framework */; };
		496CC60918AEA5CC00612C4F /* CoreGraphics.framework in Frameworks */ = {isa = PBXBuildFile; fileRef = 496CC60818AEA5CC00612C4F /* CoreGraphics.framework */; };
		496CC60B18AEA5CC00612C4F /* UIKit.framework in Frameworks */ = {isa = PBXBuildFile; fileRef = 496CC60A18AEA5CC00612C4F /* UIKit.framework */; };
		496CC61118AEA5CC00612C4F /* InfoPlist.strings in Resources */ = {isa = PBXBuildFile; fileRef = 496CC60F18AEA5CC00612C4F /* InfoPlist.strings */; };
		496CC61318AEA5CC00612C4F /* main.m in Sources */ = {isa = PBXBuildFile; fileRef = 496CC61218AEA5CC00612C4F /* main.m */; };
		496CC61718AEA5CC00612C4F /* CDSAppDelegate.m in Sources */ = {isa = PBXBuildFile; fileRef = 496CC61618AEA5CC00612C4F /* CDSAppDelegate.m */; };
		496CC61918AEA5CC00612C4F /* Images.xcassets in Resources */ = {isa = PBXBuildFile; fileRef = 496CC61818AEA5CC00612C4F /* Images.xcassets */; };
		496CC62018AEA5CC00612C4F /* XCTest.framework in Frameworks */ = {isa = PBXBuildFile; fileRef = 496CC61F18AEA5CC00612C4F /* XCTest.framework */; };
		496CC62118AEA5CC00612C4F /* Foundation.framework in Frameworks */ = {isa = PBXBuildFile; fileRef = 496CC60618AEA5CC00612C4F /* Foundation.framework */; };
		496CC62218AEA5CC00612C4F /* UIKit.framework in Frameworks */ = {isa = PBXBuildFile; fileRef = 496CC60A18AEA5CC00612C4F /* UIKit.framework */; };
		496CC62A18AEA5CC00612C4F /* InfoPlist.strings in Resources */ = {isa = PBXBuildFile; fileRef = 496CC62818AEA5CC00612C4F /* InfoPlist.strings */; };
		496CC62C18AEA5CC00612C4F /* CDSParticleFilterTests.m in Sources */ = {isa = PBXBuildFile; fileRef = 496CC62B18AEA5CC00612C4F /* CDSParticleFilterTests.m */; };
		496CC64418AEBB3A00612C4F /* CDSParticleBase.m in Sources */ = {isa = PBXBuildFile; fileRef = 496CC64118AEBB3A00612C4F /* CDSParticleBase.m */; };
		496CC64518AEBB3A00612C4F /* CDSParticleBase.m in Sources */ = {isa = PBXBuildFile; fileRef = 496CC64118AEBB3A00612C4F /* CDSParticleBase.m */; };
		496CC64618AEBB3A00612C4F /* CDSParticleFilter.m in Sources */ = {isa = PBXBuildFile; fileRef = 496CC64318AEBB3A00612C4F /* CDSParticleFilter.m */; };
		496CC64718AEBB3A00612C4F /* CDSParticleFilter.m in Sources */ = {isa = PBXBuildFile; fileRef = 496CC64318AEBB3A00612C4F /* CDSParticleFilter.m */; };
		496CC64A18AEBB6A00612C4F /* CDSXYParticle.m in Sources */ = {isa = PBXBuildFile; fileRef = 496CC64918AEBB6A00612C4F /* CDSXYParticle.m */; };
		496CC64B18AEBB6A00612C4F /* CDSXYParticle.m in Sources */ = {isa = PBXBuildFile; fileRef = 496CC64918AEBB6A00612C4F /* CDSXYParticle.m */; };
		496CC64E18AEBC1000612C4F /* CDSXYParticleFilter.m in Sources */ = {isa = PBXBuildFile; fileRef = 496CC64D18AEBC1000612C4F /* CDSXYParticleFilter.m */; };
		496CC64F18AEBC1000612C4F /* CDSXYParticleFilter.m in Sources */ = {isa = PBXBuildFile; fileRef = 496CC64D18AEBC1000612C4F /* CDSXYParticleFilter.m */; };
		496CC65218AEC3B500612C4F /* boxmuller.c in Sources */ = {isa = PBXBuildFile; fileRef = 496CC65018AEC3B500612C4F /* boxmuller.c */; };
		496CC65318AEC3B500612C4F /* boxmuller.c in Sources */ = {isa = PBXBuildFile; fileRef = 496CC65018AEC3B500612C4F /* boxmuller.c */; };
		49CCFE0A18B533B000033B68 /* CDSXYParticleFilterTests.m in Sources */ = {isa = PBXBuildFile; fileRef = 49CCFE0918B533B000033B68 /* CDSXYParticleFilterTests.m */; };
/* End PBXBuildFile section */

/* Begin PBXContainerItemProxy section */
		496CC62318AEA5CC00612C4F /* PBXContainerItemProxy */ = {
			isa = PBXContainerItemProxy;
			containerPortal = 496CC5FB18AEA5CC00612C4F /* Project object */;
			proxyType = 1;
			remoteGlobalIDString = 496CC60218AEA5CC00612C4F;
			remoteInfo = CDSParticleFilter;
		};
/* End PBXContainerItemProxy section */

/* Begin PBXFileReference section */
		4932718718BFBC060043C2AF /* readme.markdown */ = {isa = PBXFileReference; fileEncoding = 4; lastKnownFileType = text; path = readme.markdown; sourceTree = "<group>"; };
		496CC60318AEA5CC00612C4F /* CDSParticleFilter.app */ = {isa = PBXFileReference; explicitFileType = wrapper.application; includeInIndex = 0; path = CDSParticleFilter.app; sourceTree = BUILT_PRODUCTS_DIR; };
		496CC60618AEA5CC00612C4F /* Foundation.framework */ = {isa = PBXFileReference; lastKnownFileType = wrapper.framework; name = Foundation.framework; path = System/Library/Frameworks/Foundation.framework; sourceTree = SDKROOT; };
		496CC60818AEA5CC00612C4F /* CoreGraphics.framework */ = {isa = PBXFileReference; lastKnownFileType = wrapper.framework; name = CoreGraphics.framework; path = System/Library/Frameworks/CoreGraphics.framework; sourceTree = SDKROOT; };
		496CC60A18AEA5CC00612C4F /* UIKit.framework */ = {isa = PBXFileReference; lastKnownFileType = wrapper.framework; name = UIKit.framework; path = System/Library/Frameworks/UIKit.framework; sourceTree = SDKROOT; };
		496CC60E18AEA5CC00612C4F /* CDSParticleFilter-Info.plist */ = {isa = PBXFileReference; lastKnownFileType = text.plist.xml; path = "CDSParticleFilter-Info.plist"; sourceTree = "<group>"; };
		496CC61018AEA5CC00612C4F /* en */ = {isa = PBXFileReference; lastKnownFileType = text.plist.strings; name = en; path = en.lproj/InfoPlist.strings; sourceTree = "<group>"; };
		496CC61218AEA5CC00612C4F /* main.m */ = {isa = PBXFileReference; lastKnownFileType = sourcecode.c.objc; path = main.m; sourceTree = "<group>"; };
		496CC61418AEA5CC00612C4F /* CDSParticleFilter-Prefix.pch */ = {isa = PBXFileReference; lastKnownFileType = sourcecode.c.h; path = "CDSParticleFilter-Prefix.pch"; sourceTree = "<group>"; };
		496CC61518AEA5CC00612C4F /* CDSAppDelegate.h */ = {isa = PBXFileReference; lastKnownFileType = sourcecode.c.h; path = CDSAppDelegate.h; sourceTree = "<group>"; };
		496CC61618AEA5CC00612C4F /* CDSAppDelegate.m */ = {isa = PBXFileReference; lastKnownFileType = sourcecode.c.objc; path = CDSAppDelegate.m; sourceTree = "<group>"; };
		496CC61818AEA5CC00612C4F /* Images.xcassets */ = {isa = PBXFileReference; lastKnownFileType = folder.assetcatalog; path = Images.xcassets; sourceTree = "<group>"; };
		496CC61E18AEA5CC00612C4F /* CDSParticleFilterTests.xctest */ = {isa = PBXFileReference; explicitFileType = wrapper.cfbundle; includeInIndex = 0; path = CDSParticleFilterTests.xctest; sourceTree = BUILT_PRODUCTS_DIR; };
		496CC61F18AEA5CC00612C4F /* XCTest.framework */ = {isa = PBXFileReference; lastKnownFileType = wrapper.framework; name = XCTest.framework; path = Library/Frameworks/XCTest.framework; sourceTree = DEVELOPER_DIR; };
		496CC62718AEA5CC00612C4F /* CDSParticleFilterTests-Info.plist */ = {isa = PBXFileReference; lastKnownFileType = text.plist.xml; path = "CDSParticleFilterTests-Info.plist"; sourceTree = "<group>"; };
		496CC62918AEA5CC00612C4F /* en */ = {isa = PBXFileReference; lastKnownFileType = text.plist.strings; name = en; path = en.lproj/InfoPlist.strings; sourceTree = "<group>"; };
		496CC62B18AEA5CC00612C4F /* CDSParticleFilterTests.m */ = {isa = PBXFileReference; lastKnownFileType = sourcecode.c.objc; path = CDSParticleFilterTests.m; sourceTree = "<group>"; };
		496CC64018AEBB3A00612C4F /* CDSParticleBase.h */ = {isa = PBXFileReference; fileEncoding = 4; lastKnownFileType = sourcecode.c.h; path = CDSParticleBase.h; sourceTree = "<group>"; };
		496CC64118AEBB3A00612C4F /* CDSParticleBase.m */ = {isa = PBXFileReference; fileEncoding = 4; lastKnownFileType = sourcecode.c.objc; path = CDSParticleBase.m; sourceTree = "<group>"; };
		496CC64218AEBB3A00612C4F /* CDSParticleFilter.h */ = {isa = PBXFileReference; fileEncoding = 4; lastKnownFileType = sourcecode.c.h; path = CDSParticleFilter.h; sourceTree = "<group>"; };
		496CC64318AEBB3A00612C4F /* CDSParticleFilter.m */ = {isa = PBXFileReference; fileEncoding = 4; lastKnownFileType = sourcecode.c.objc; path = CDSParticleFilter.m; sourceTree = "<group>"; };
		496CC64818AEBB6A00612C4F /* CDSXYParticle.h */ = {isa = PBXFileReference; fileEncoding = 4; lastKnownFileType = sourcecode.c.h; path = CDSXYParticle.h; sourceTree = "<group>"; };
		496CC64918AEBB6A00612C4F /* CDSXYParticle.m */ = {isa = PBXFileReference; fileEncoding = 4; lastKnownFileType = sourcecode.c.objc; path = CDSXYParticle.m; sourceTree = "<group>"; };
		496CC64C18AEBC1000612C4F /* CDSXYParticleFilter.h */ = {isa = PBXFileReference; fileEncoding = 4; lastKnownFileType = sourcecode.c.h; path = CDSXYParticleFilter.h; sourceTree = "<group>"; };
		496CC64D18AEBC1000612C4F /* CDSXYParticleFilter.m */ = {isa = PBXFileReference; fileEncoding = 4; lastKnownFileType = sourcecode.c.objc; path = CDSXYParticleFilter.m; sourceTree = "<group>"; };
		496CC65018AEC3B500612C4F /* boxmuller.c */ = {isa = PBXFileReference; fileEncoding = 4; lastKnownFileType = sourcecode.c.c; path = boxmuller.c; sourceTree = "<group>"; };
		496CC65118AEC3B500612C4F /* boxmuller.h */ = {isa = PBXFileReference; fileEncoding = 4; lastKnownFileType = sourcecode.c.h; path = boxmuller.h; sourceTree = "<group>"; };
		49CCFE0918B533B000033B68 /* CDSXYParticleFilterTests.m */ = {isa = PBXFileReference; fileEncoding = 4; lastKnownFileType = sourcecode.c.objc; lineEnding = 0; path = CDSXYParticleFilterTests.m; sourceTree = "<group>"; xcLanguageSpecificationIdentifier = xcode.lang.objc; };
		49CCFE0B18B53CD800033B68 /* CDSParticleFilter.podspec */ = {isa = PBXFileReference; lastKnownFileType = text; path = CDSParticleFilter.podspec; sourceTree = "<group>"; };
		49CCFE0C18B53CE600033B68 /* LICENSE.txt */ = {isa = PBXFileReference; lastKnownFileType = text; path = LICENSE.txt; sourceTree = "<group>"; };
/* End PBXFileReference section */

/* Begin PBXFrameworksBuildPhase section */
		496CC60018AEA5CC00612C4F /* Frameworks */ = {
			isa = PBXFrameworksBuildPhase;
			buildActionMask = 2147483647;
			files = (
				496CC60918AEA5CC00612C4F /* CoreGraphics.framework in Frameworks */,
				496CC60B18AEA5CC00612C4F /* UIKit.framework in Frameworks */,
				496CC60718AEA5CC00612C4F /* Foundation.framework in Frameworks */,
			);
			runOnlyForDeploymentPostprocessing = 0;
		};
		496CC61B18AEA5CC00612C4F /* Frameworks */ = {
			isa = PBXFrameworksBuildPhase;
			buildActionMask = 2147483647;
			files = (
				496CC62018AEA5CC00612C4F /* XCTest.framework in Frameworks */,
				496CC62218AEA5CC00612C4F /* UIKit.framework in Frameworks */,
				496CC62118AEA5CC00612C4F /* Foundation.framework in Frameworks */,
			);
			runOnlyForDeploymentPostprocessing = 0;
		};
/* End PBXFrameworksBuildPhase section */

/* Begin PBXGroup section */
		496CC5FA18AEA5CC00612C4F = {
			isa = PBXGroup;
			children = (
				4932718718BFBC060043C2AF /* readme.markdown */,
				49CCFE0B18B53CD800033B68 /* CDSParticleFilter.podspec */,
				49CCFE0C18B53CE600033B68 /* LICENSE.txt */,
				496CC63518AEA79300612C4F /* Source */,
				496CC60C18AEA5CC00612C4F /* CDSParticleFilter */,
				496CC62518AEA5CC00612C4F /* CDSParticleFilterTests */,
				496CC60518AEA5CC00612C4F /* Frameworks */,
				496CC60418AEA5CC00612C4F /* Products */,
			);
			sourceTree = "<group>";
		};
		496CC60418AEA5CC00612C4F /* Products */ = {
			isa = PBXGroup;
			children = (
				496CC60318AEA5CC00612C4F /* CDSParticleFilter.app */,
				496CC61E18AEA5CC00612C4F /* CDSParticleFilterTests.xctest */,
			);
			name = Products;
			sourceTree = "<group>";
		};
		496CC60518AEA5CC00612C4F /* Frameworks */ = {
			isa = PBXGroup;
			children = (
				496CC60618AEA5CC00612C4F /* Foundation.framework */,
				496CC60818AEA5CC00612C4F /* CoreGraphics.framework */,
				496CC60A18AEA5CC00612C4F /* UIKit.framework */,
				496CC61F18AEA5CC00612C4F /* XCTest.framework */,
			);
			name = Frameworks;
			sourceTree = "<group>";
		};
		496CC60C18AEA5CC00612C4F /* CDSParticleFilter */ = {
			isa = PBXGroup;
			children = (
				496CC61518AEA5CC00612C4F /* CDSAppDelegate.h */,
				496CC61618AEA5CC00612C4F /* CDSAppDelegate.m */,
				496CC61818AEA5CC00612C4F /* Images.xcassets */,
				496CC60D18AEA5CC00612C4F /* Supporting Files */,
			);
			path = CDSParticleFilter;
			sourceTree = "<group>";
		};
		496CC60D18AEA5CC00612C4F /* Supporting Files */ = {
			isa = PBXGroup;
			children = (
				496CC60E18AEA5CC00612C4F /* CDSParticleFilter-Info.plist */,
				496CC60F18AEA5CC00612C4F /* InfoPlist.strings */,
				496CC61218AEA5CC00612C4F /* main.m */,
				496CC61418AEA5CC00612C4F /* CDSParticleFilter-Prefix.pch */,
			);
			name = "Supporting Files";
			sourceTree = "<group>";
		};
		496CC62518AEA5CC00612C4F /* CDSParticleFilterTests */ = {
			isa = PBXGroup;
			children = (
				496CC62B18AEA5CC00612C4F /* CDSParticleFilterTests.m */,
				49CCFE0918B533B000033B68 /* CDSXYParticleFilterTests.m */,
				496CC62618AEA5CC00612C4F /* Supporting Files */,
			);
			path = CDSParticleFilterTests;
			sourceTree = "<group>";
		};
		496CC62618AEA5CC00612C4F /* Supporting Files */ = {
			isa = PBXGroup;
			children = (
				496CC62718AEA5CC00612C4F /* CDSParticleFilterTests-Info.plist */,
				496CC62818AEA5CC00612C4F /* InfoPlist.strings */,
			);
			name = "Supporting Files";
			sourceTree = "<group>";
		};
		496CC63518AEA79300612C4F /* Source */ = {
			isa = PBXGroup;
			children = (
				496CC63E18AEBB3A00612C4F /* 2DParticleFilter */,
				496CC63F18AEBB3A00612C4F /* Core */,
			);
			path = Source;
			sourceTree = "<group>";
		};
		496CC63E18AEBB3A00612C4F /* 2DParticleFilter */ = {
			isa = PBXGroup;
			children = (
				496CC65118AEC3B500612C4F /* boxmuller.h */,
				496CC65018AEC3B500612C4F /* boxmuller.c */,
				496CC64818AEBB6A00612C4F /* CDSXYParticle.h */,
				496CC64918AEBB6A00612C4F /* CDSXYParticle.m */,
				496CC64C18AEBC1000612C4F /* CDSXYParticleFilter.h */,
				496CC64D18AEBC1000612C4F /* CDSXYParticleFilter.m */,
			);
			path = 2DParticleFilter;
			sourceTree = "<group>";
		};
		496CC63F18AEBB3A00612C4F /* Core */ = {
			isa = PBXGroup;
			children = (
				496CC64018AEBB3A00612C4F /* CDSParticleBase.h */,
				496CC64118AEBB3A00612C4F /* CDSParticleBase.m */,
				496CC64218AEBB3A00612C4F /* CDSParticleFilter.h */,
				496CC64318AEBB3A00612C4F /* CDSParticleFilter.m */,
			);
			path = Core;
			sourceTree = "<group>";
		};
/* End PBXGroup section */

/* Begin PBXNativeTarget section */
		496CC60218AEA5CC00612C4F /* CDSParticleFilter */ = {
			isa = PBXNativeTarget;
			buildConfigurationList = 496CC62F18AEA5CC00612C4F /* Build configuration list for PBXNativeTarget "CDSParticleFilter" */;
			buildPhases = (
				496CC5FF18AEA5CC00612C4F /* Sources */,
				496CC60018AEA5CC00612C4F /* Frameworks */,
				496CC60118AEA5CC00612C4F /* Resources */,
			);
			buildRules = (
			);
			dependencies = (
			);
			name = CDSParticleFilter;
			productName = CDSParticleFilter;
			productReference = 496CC60318AEA5CC00612C4F /* CDSParticleFilter.app */;
			productType = "com.apple.product-type.application";
		};
		496CC61D18AEA5CC00612C4F /* CDSParticleFilterTests */ = {
			isa = PBXNativeTarget;
			buildConfigurationList = 496CC63218AEA5CC00612C4F /* Build configuration list for PBXNativeTarget "CDSParticleFilterTests" */;
			buildPhases = (
				496CC61A18AEA5CC00612C4F /* Sources */,
				496CC61B18AEA5CC00612C4F /* Frameworks */,
				496CC61C18AEA5CC00612C4F /* Resources */,
			);
			buildRules = (
			);
			dependencies = (
				496CC62418AEA5CC00612C4F /* PBXTargetDependency */,
			);
			name = CDSParticleFilterTests;
			productName = CDSParticleFilterTests;
			productReference = 496CC61E18AEA5CC00612C4F /* CDSParticleFilterTests.xctest */;
			productType = "com.apple.product-type.bundle.unit-test";
		};
/* End PBXNativeTarget section */

/* Begin PBXProject section */
		496CC5FB18AEA5CC00612C4F /* Project object */ = {
			isa = PBXProject;
			attributes = {
				CLASSPREFIX = CDS;
				LastUpgradeCheck = 0500;
				ORGANIZATIONNAME = Codeswell;
				TargetAttributes = {
					496CC61D18AEA5CC00612C4F = {
						TestTargetID = 496CC60218AEA5CC00612C4F;
					};
				};
			};
			buildConfigurationList = 496CC5FE18AEA5CC00612C4F /* Build configuration list for PBXProject "CDSParticleFilter" */;
			compatibilityVersion = "Xcode 3.2";
			developmentRegion = English;
			hasScannedForEncodings = 0;
			knownRegions = (
				en,
			);
			mainGroup = 496CC5FA18AEA5CC00612C4F;
			productRefGroup = 496CC60418AEA5CC00612C4F /* Products */;
			projectDirPath = "";
			projectRoot = "";
			targets = (
				496CC60218AEA5CC00612C4F /* CDSParticleFilter */,
				496CC61D18AEA5CC00612C4F /* CDSParticleFilterTests */,
				4932717F18BFBA780043C2AF /* Documentation */,
			);
		};
/* End PBXProject section */

/* Begin PBXResourcesBuildPhase section */
		496CC60118AEA5CC00612C4F /* Resources */ = {
			isa = PBXResourcesBuildPhase;
			buildActionMask = 2147483647;
			files = (
				496CC61118AEA5CC00612C4F /* InfoPlist.strings in Resources */,
				496CC61918AEA5CC00612C4F /* Images.xcassets in Resources */,
			);
			runOnlyForDeploymentPostprocessing = 0;
		};
		496CC61C18AEA5CC00612C4F /* Resources */ = {
			isa = PBXResourcesBuildPhase;
			buildActionMask = 2147483647;
			files = (
				496CC62A18AEA5CC00612C4F /* InfoPlist.strings in Resources */,
			);
			runOnlyForDeploymentPostprocessing = 0;
		};
/* End PBXResourcesBuildPhase section */

/* Begin PBXShellScriptBuildPhase section */
		4932718418BFBAFA0043C2AF /* ShellScript */ = {
			isa = PBXShellScriptBuildPhase;
			buildActionMask = 2147483647;
			files = (
			);
			inputPaths = (
			);
			outputPaths = (
			);
			runOnlyForDeploymentPostprocessing = 0;
			shellPath = /bin/sh;
			shellScript = "/usr/local/bin/appledoc \\\n--project-name \"${PROJECT_NAME}\" \\\n--project-company \"Simplicate\" \\\n--company-id \"com.simplicate\" \\\n--output \"~/Dev/Documentation/${PROJECT_NAME}\" \\\n--install-docset \\\n--logformat xcode \\\n--keep-undocumented-objects \\\n--keep-undocumented-members \\\n--keep-intermediate-files \\\n--no-repeat-first-par \\\n--no-warn-invalid-crossref \\\n--merge-categories \\\n--exit-threshold 2 \\\n--docset-platform-family iphoneos \\\n--ignore \"*.m\" \\\n--include \"${PROJECT_DIR}/Documentation/Images\" \\\n--ignore \"LoadableCategory.h\" \\\n--index-desc \"${PROJECT_DIR}/readme.markdown\" \\\n\"${PROJECT_DIR}/Source\"\n";
		};
/* End PBXShellScriptBuildPhase section */

/* Begin PBXSourcesBuildPhase section */
		496CC5FF18AEA5CC00612C4F /* Sources */ = {
			isa = PBXSourcesBuildPhase;
			buildActionMask = 2147483647;
			files = (
				496CC64618AEBB3A00612C4F /* CDSParticleFilter.m in Sources */,
				496CC64418AEBB3A00612C4F /* CDSParticleBase.m in Sources */,
				496CC61318AEA5CC00612C4F /* main.m in Sources */,
				496CC61718AEA5CC00612C4F /* CDSAppDelegate.m in Sources */,
				496CC64A18AEBB6A00612C4F /* CDSXYParticle.m in Sources */,
				496CC65218AEC3B500612C4F /* boxmuller.c in Sources */,
				496CC64E18AEBC1000612C4F /* CDSXYParticleFilter.m in Sources */,
			);
			runOnlyForDeploymentPostprocessing = 0;
		};
		496CC61A18AEA5CC00612C4F /* Sources */ = {
			isa = PBXSourcesBuildPhase;
			buildActionMask = 2147483647;
			files = (
				496CC65318AEC3B500612C4F /* boxmuller.c in Sources */,
				496CC64718AEBB3A00612C4F /* CDSParticleFilter.m in Sources */,
				496CC64B18AEBB6A00612C4F /* CDSXYParticle.m in Sources */,
				496CC64518AEBB3A00612C4F /* CDSParticleBase.m in Sources */,
				496CC62C18AEA5CC00612C4F /* CDSParticleFilterTests.m in Sources */,
				496CC64F18AEBC1000612C4F /* CDSXYParticleFilter.m in Sources */,
				49CCFE0A18B533B000033B68 /* CDSXYParticleFilterTests.m in Sources */,
			);
			runOnlyForDeploymentPostprocessing = 0;
		};
/* End PBXSourcesBuildPhase section */

/* Begin PBXTargetDependency section */
		496CC62418AEA5CC00612C4F /* PBXTargetDependency */ = {
			isa = PBXTargetDependency;
			target = 496CC60218AEA5CC00612C4F /* CDSParticleFilter */;
			targetProxy = 496CC62318AEA5CC00612C4F /* PBXContainerItemProxy */;
		};
/* End PBXTargetDependency section */

/* Begin PBXVariantGroup section */
		496CC60F18AEA5CC00612C4F /* InfoPlist.strings */ = {
			isa = PBXVariantGroup;
			children = (
				496CC61018AEA5CC00612C4F /* en */,
			);
			name = InfoPlist.strings;
			sourceTree = "<group>";
		};
		496CC62818AEA5CC00612C4F /* InfoPlist.strings */ = {
			isa = PBXVariantGroup;
			children = (
				496CC62918AEA5CC00612C4F /* en */,
			);
			name = InfoPlist.strings;
			sourceTree = "<group>";
		};
/* End PBXVariantGroup section */

/* Begin XCBuildConfiguration section */
		4932718018BFBA780043C2AF /* Debug */ = {
			isa = XCBuildConfiguration;
			buildSettings = {
				PRODUCT_NAME = "$(TARGET_NAME)";
			};
			name = Debug;
		};
		4932718118BFBA780043C2AF /* Release */ = {
			isa = XCBuildConfiguration;
			buildSettings = {
				PRODUCT_NAME = "$(TARGET_NAME)";
			};
			name = Release;
		};
		496CC62D18AEA5CC00612C4F /* Debug */ = {
			isa = XCBuildConfiguration;
			buildSettings = {
				ALWAYS_SEARCH_USER_PATHS = NO;
				ARCHS = "$(ARCHS_STANDARD_INCLUDING_64_BIT)";
				CLANG_CXX_LANGUAGE_STANDARD = "gnu++0x";
				CLANG_CXX_LIBRARY = "libc++";
				CLANG_ENABLE_MODULES = YES;
				CLANG_ENABLE_OBJC_ARC = YES;
				CLANG_WARN_BOOL_CONVERSION = YES;
				CLANG_WARN_CONSTANT_CONVERSION = YES;
				CLANG_WARN_DIRECT_OBJC_ISA_USAGE = YES_ERROR;
				CLANG_WARN_EMPTY_BODY = YES;
				CLANG_WARN_ENUM_CONVERSION = YES;
				CLANG_WARN_INT_CONVERSION = YES;
				CLANG_WARN_OBJC_ROOT_CLASS = YES_ERROR;
				CLANG_WARN__DUPLICATE_METHOD_MATCH = YES;
				"CODE_SIGN_IDENTITY[sdk=iphoneos*]" = "iPhone Developer";
				COPY_PHASE_STRIP = NO;
				GCC_C_LANGUAGE_STANDARD = gnu99;
				GCC_DYNAMIC_NO_PIC = NO;
				GCC_OPTIMIZATION_LEVEL = 0;
				GCC_PREPROCESSOR_DEFINITIONS = (
					"DEBUG=1",
					"$(inherited)",
				);
				GCC_SYMBOLS_PRIVATE_EXTERN = NO;
				GCC_WARN_64_TO_32_BIT_CONVERSION = YES;
				GCC_WARN_ABOUT_RETURN_TYPE = YES_ERROR;
				GCC_WARN_UNDECLARED_SELECTOR = YES;
				GCC_WARN_UNINITIALIZED_AUTOS = YES;
				GCC_WARN_UNUSED_FUNCTION = YES;
				GCC_WARN_UNUSED_VARIABLE = YES;
				IPHONEOS_DEPLOYMENT_TARGET = 7.0;
				ONLY_ACTIVE_ARCH = YES;
				SDKROOT = iphoneos;
				TARGETED_DEVICE_FAMILY = "1,2";
			};
			name = Debug;
		};
		496CC62E18AEA5CC00612C4F /* Release */ = {
			isa = XCBuildConfiguration;
			buildSettings = {
				ALWAYS_SEARCH_USER_PATHS = NO;
				ARCHS = "$(ARCHS_STANDARD_INCLUDING_64_BIT)";
				CLANG_CXX_LANGUAGE_STANDARD = "gnu++0x";
				CLANG_CXX_LIBRARY = "libc++";
				CLANG_ENABLE_MODULES = YES;
				CLANG_ENABLE_OBJC_ARC = YES;
				CLANG_WARN_BOOL_CONVERSION = YES;
				CLANG_WARN_CONSTANT_CONVERSION = YES;
				CLANG_WARN_DIRECT_OBJC_ISA_USAGE = YES_ERROR;
				CLANG_WARN_EMPTY_BODY = YES;
				CLANG_WARN_ENUM_CONVERSION = YES;
				CLANG_WARN_INT_CONVERSION = YES;
				CLANG_WARN_OBJC_ROOT_CLASS = YES_ERROR;
				CLANG_WARN__DUPLICATE_METHOD_MATCH = YES;
				"CODE_SIGN_IDENTITY[sdk=iphoneos*]" = "iPhone Developer";
				COPY_PHASE_STRIP = YES;
				ENABLE_NS_ASSERTIONS = NO;
				GCC_C_LANGUAGE_STANDARD = gnu99;
				GCC_WARN_64_TO_32_BIT_CONVERSION = YES;
				GCC_WARN_ABOUT_RETURN_TYPE = YES_ERROR;
				GCC_WARN_UNDECLARED_SELECTOR = YES;
				GCC_WARN_UNINITIALIZED_AUTOS = YES;
				GCC_WARN_UNUSED_FUNCTION = YES;
				GCC_WARN_UNUSED_VARIABLE = YES;
				IPHONEOS_DEPLOYMENT_TARGET = 7.0;
				SDKROOT = iphoneos;
				TARGETED_DEVICE_FAMILY = "1,2";
				VALIDATE_PRODUCT = YES;
			};
			name = Release;
		};
		496CC63018AEA5CC00612C4F /* Debug */ = {
			isa = XCBuildConfiguration;
			buildSettings = {
				ASSETCATALOG_COMPILER_APPICON_NAME = AppIcon;
				ASSETCATALOG_COMPILER_LAUNCHIMAGE_NAME = LaunchImage;
				GCC_PRECOMPILE_PREFIX_HEADER = YES;
				GCC_PREFIX_HEADER = "CDSParticleFilter/CDSParticleFilter-Prefix.pch";
				INFOPLIST_FILE = "CDSParticleFilter/CDSParticleFilter-Info.plist";
				PRODUCT_NAME = "$(TARGET_NAME)";
				WRAPPER_EXTENSION = app;
			};
			name = Debug;
		};
		496CC63118AEA5CC00612C4F /* Release */ = {
			isa = XCBuildConfiguration;
			buildSettings = {
				ASSETCATALOG_COMPILER_APPICON_NAME = AppIcon;
				ASSETCATALOG_COMPILER_LAUNCHIMAGE_NAME = LaunchImage;
				GCC_PRECOMPILE_PREFIX_HEADER = YES;
				GCC_PREFIX_HEADER = "CDSParticleFilter/CDSParticleFilter-Prefix.pch";
				INFOPLIST_FILE = "CDSParticleFilter/CDSParticleFilter-Info.plist";
				PRODUCT_NAME = "$(TARGET_NAME)";
				WRAPPER_EXTENSION = app;
			};
			name = Release;
		};
		496CC63318AEA5CC00612C4F /* Debug */ = {
			isa = XCBuildConfiguration;
			buildSettings = {
				ARCHS = "$(ARCHS_STANDARD_INCLUDING_64_BIT)";
				BUNDLE_LOADER = "$(BUILT_PRODUCTS_DIR)/CDSParticleFilter.app/CDSParticleFilter";
				FRAMEWORK_SEARCH_PATHS = (
					"$(SDKROOT)/Developer/Library/Frameworks",
					"$(inherited)",
					"$(DEVELOPER_FRAMEWORKS_DIR)",
				);
				GCC_PRECOMPILE_PREFIX_HEADER = YES;
				GCC_PREFIX_HEADER = "CDSParticleFilter/CDSParticleFilter-Prefix.pch";
				GCC_PREPROCESSOR_DEFINITIONS = (
					"DEBUG=1",
					"$(inherited)",
				);
				INFOPLIST_FILE = "CDSParticleFilterTests/CDSParticleFilterTests-Info.plist";
				PRODUCT_NAME = "$(TARGET_NAME)";
				TEST_HOST = "$(BUNDLE_LOADER)";
				WRAPPER_EXTENSION = xctest;
			};
			name = Debug;
		};
		496CC63418AEA5CC00612C4F /* Release */ = {
			isa = XCBuildConfiguration;
			buildSettings = {
				ARCHS = "$(ARCHS_STANDARD_INCLUDING_64_BIT)";
				BUNDLE_LOADER = "$(BUILT_PRODUCTS_DIR)/CDSParticleFilter.app/CDSParticleFilter";
				FRAMEWORK_SEARCH_PATHS = (
					"$(SDKROOT)/Developer/Library/Frameworks",
					"$(inherited)",
					"$(DEVELOPER_FRAMEWORKS_DIR)",
				);
				GCC_PRECOMPILE_PREFIX_HEADER = YES;
				GCC_PREFIX_HEADER = "CDSParticleFilter/CDSParticleFilter-Prefix.pch";
				INFOPLIST_FILE = "CDSParticleFilterTests/CDSParticleFilterTests-Info.plist";
				PRODUCT_NAME = "$(TARGET_NAME)";
				TEST_HOST = "$(BUNDLE_LOADER)";
				WRAPPER_EXTENSION = xctest;
			};
			name = Release;
		};
/* End XCBuildConfiguration section */

/* Begin XCConfigurationList section */
		4932718218BFBA780043C2AF /* Build configuration list for PBXAggregateTarget "Documentation" */ = {
			isa = XCConfigurationList;
			buildConfigurations = (
				4932718018BFBA780043C2AF /* Debug */,
				4932718118BFBA780043C2AF /* Release */,
			);
			defaultConfigurationIsVisible = 0;
			defaultConfigurationName = Release;
		};
		496CC5FE18AEA5CC00612C4F /* Build configuration list for PBXProject "CDSParticleFilter" */ = {
			isa = XCConfigurationList;
			buildConfigurations = (
				496CC62D18AEA5CC00612C4F /* Debug */,
				496CC62E18AEA5CC00612C4F /* Release */,
			);
			defaultConfigurationIsVisible = 0;
			defaultConfigurationName = Release;
		};
		496CC62F18AEA5CC00612C4F /* Build configuration list for PBXNativeTarget "CDSParticleFilter" */ = {
			isa = XCConfigurationList;
			buildConfigurations = (
				496CC63018AEA5CC00612C4F /* Debug */,
				496CC63118AEA5CC00612C4F /* Release */,
			);
			defaultConfigurationIsVisible = 0;
			defaultConfigurationName = Release;
		};
		496CC63218AEA5CC00612C4F /* Build configuration list for PBXNativeTarget "CDSParticleFilterTests" */ = {
			isa = XCConfigurationList;
			buildConfigurations = (
				496CC63318AEA5CC00612C4F /* Debug */,
				496CC63418AEA5CC00612C4F /* Release */,
			);
			defaultConfigurationIsVisible = 0;
			defaultConfigurationName = Release;
		};
/* End XCConfigurationList section */
	};
	rootObject = 496CC5FB18AEA5CC00612C4F /* Project object */;
}
